
Microsoft Visual Studio Solution File, Format Version 12.00
# Visual Studio Version 17
VisualStudioVersion = 17.3.32901.215
MinimumVisualStudioVersion = 10.0.40219.1
Project("{FAE04EC0-301F-11D3-BF4B-00C04F79EFBC}") = "First", "First\First.csproj", "{ECFFA8F0-2C36-4435-A5D6-ED43CF07C3A4}"
EndProject
Project("{FAE04EC0-301F-11D3-BF4B-00C04F79EFBC}") = "Second", "Second\Second.csproj", "{6725EFF7-BA6E-4DCF-B8E2-CCB1C340943B}"
EndProject
Global
	GlobalSection(SolutionConfigurationPlatforms) = preSolution
		Debug|Any CPU = Debug|Any CPU
		Release|Any CPU = Release|Any CPU
	EndGlobalSection
	GlobalSection(ProjectConfigurationPlatforms) = postSolution
		{ECFFA8F0-2C36-4435-A5D6-ED43CF07C3A4}.Debug|Any CPU.ActiveCfg = Debug|Any CPU
		{ECFFA8F0-2C36-4435-A5D6-ED43CF07C3A4}.Debug|Any CPU.Build.0 = Debug|Any CPU
		{ECFFA8F0-2C36-4435-A5D6-ED43CF07C3A4}.Release|Any CPU.ActiveCfg = Release|Any CPU
		{ECFFA8F0-2C36-4435-A5D6-ED43CF07C3A4}.Release|Any CPU.Build.0 = Release|Any CPU
		{6725EFF7-BA6E-4DCF-B8E2-CCB1C340943B}.Debug|Any CPU.ActiveCfg = Debug|Any CPU
		{6725EFF7-BA6E-4DCF-B8E2-CCB1C340943B}.Debug|Any CPU.Build.0 = Debug|Any CPU
		{6725EFF7-BA6E-4DCF-B8E2-CCB1C340943B}.Release|Any CPU.ActiveCfg = Release|Any CPU
		{6725EFF7-BA6E-4DCF-B8E2-CCB1C340943B}.Release|Any CPU.Build.0 = Release|Any CPU
	EndGlobalSection
	GlobalSection(SolutionProperties) = preSolution
		HideSolutionNode = FALSE
	EndGlobalSection
	GlobalSection(ExtensibilityGlobals) = postSolution
		SolutionGuid = {992D6610-8D6A-45D8-A6F7-1BF8FF28D794}
	EndGlobalSection
EndGlobal
